hash: c7c18093764c8a5e4776909369d772d740113b6a6ba03deba089da471a3bf587
updated: 2016-08-23T11:24:34.023018521-04:00
imports:
- name: github.com/codegangsta/cli
  version: 1efa31f08b9333f1bd4882d61f9d668a70cd902e
- name: github.com/Unknwon/goconfig
  version: 5f601ca6ef4d5cea8d52be2f8b3a420ee4b574a5
testImports: []
