hash: 582a295fc23690948560862b25885979ecde293684846c38ef57b0b2378b0900
updated: 2017-05-18T17:39:27.815753552-04:00
imports:
- name: github.com/go-errors/errors
  version: 8fa88b06e5974e97fbf9899a7f86a344bfd1f105
- name: github.com/go-ini/ini
  version: 36da989cdc560b989d8f195aec46214d33665d20
- name: github.com/mattn/go-sqlite3
  version: ca5e3819723d8eeaf170ad510e7da1d6d2e94a08
- name: github.com/natefinch/lumberjack
  version: 8ec9c6b748e0c75183863d208c8442319ddc5321
- name: github.com/Unknwon/goconfig
  version: 87a46d97951ee1ea20ed3b24c25646a79e87ba5d
- name: github.com/urfave/cli
  version: 0bdeddeeb0f650497d603c4ad7b20cfe685682f6
- name: golang.org/x/net
  version: 513929065c19401a1c7b76ecd942f9f86a0c061b
  subpackages:
  - context
- name: golang.org/x/sync
  version: f52d1811a62927559de87708c8913c1650ce4f26
  subpackages:
  - errgroup
testImports: []
